
Microsoft Visual Studio Solution File, Format Version 12.00
# Visual Studio 15
VisualStudioVersion = 15.0.27428.2043
MinimumVisualStudioVersion = 10.0.40219.1
Project("{FAE04EC0-301F-11D3-BF4B-00C04F79EFBC}") = "SoundAnalyzer", "SoundAnalyzer\SoundAnalyzer.csproj", "{B34099D6-D076-4E4C-936B-AB3141FFF7E0}"
EndProject
Global
	GlobalSection(SolutionConfigurationPlatforms) = preSolution
		Debug|Any CPU = Debug|Any CPU
		Release|Any CPU = Release|Any CPU
	EndGlobalSection
	GlobalSection(ProjectConfigurationPlatforms) = postSolution
		{B34099D6-D076-4E4C-936B-AB3141FFF7E0}.Debug|Any CPU.ActiveCfg = Debug|Any CPU
		{B34099D6-D076-4E4C-936B-AB3141FFF7E0}.Debug|Any CPU.Build.0 = Debug|Any CPU
		{B34099D6-D076-4E4C-936B-AB3141FFF7E0}.Release|Any CPU.ActiveCfg = Release|Any CPU
		{B34099D6-D076-4E4C-936B-AB3141FFF7E0}.Release|Any CPU.Build.0 = Release|Any CPU
	EndGlobalSection
	GlobalSection(SolutionProperties) = preSolution
		HideSolutionNode = FALSE
	EndGlobalSection
	GlobalSection(ExtensibilityGlobals) = postSolution
		SolutionGuid = {0990E0F7-7555-455F-AD37-F0FDF0A5C256}
	EndGlobalSection
EndGlobal
